{
  "R": {
    "Version": "3.6.1",
    "Repositories": [
      {
        "Name": "CRAN",
        "URL": "https://cran.rstudio.com"
      }
    ]
  },
  "Packages": {
    "AnnotationDbi": {
      "Package": "AnnotationDbi",
      "Version": "1.48.0",
      "Source": "Bioconductor",
      "Hash": "fc84ffe197c3afc8e9c0b190030b01b4"
    },
    "BH": {
      "Package": "BH",
      "Version": "1.69.0-1",
      "Source": "Repository",
      "Repository": "CRAN",
      "Hash": "0fde015f5153e51df44981da0767f522"
    },
    "Biobase": {
      "Package": "Biobase",
      "Version": "2.46.0",
      "Source": "Bioconductor",
      "Hash": "6471483bc8ddfa4775f961c9c2b10c26"
    },
    "BiocGenerics": {
      "Package": "BiocGenerics",
      "Version": "0.32.0",
      "Source": "Bioconductor",
      "Hash": "0d3922bb8a48f6c4f0abf7817ed2e271"
    },
    "BiocManager": {
      "Package": "BiocManager",
      "Version": "1.30.9",
      "Source": "Repository",
      "Repository": "CRAN",
      "Hash": "ae39a770c7be4816960bde0c25626b20"
    },
    "BiocParallel": {
      "Package": "BiocParallel",
      "Version": "1.20.0",
      "Source": "Bioconductor",
      "Hash": "5c11ad7e8624bfae7f8349623b79859b"
    },
    "BiocVersion": {
      "Package": "BiocVersion",
      "Version": "3.10.1",
      "Source": "Bioconductor",
      "Hash": "bd0b3767104ea95d060c43d500e04fa9"
    },
    "Cairo": {
      "Package": "Cairo",
      "Version": "1.5-10",
      "Source": "Repository",
      "Repository": "CRAN",
      "Hash": "96f52d02dec05b1e6585ac27a915ff0e"
    },
    "DBI": {
      "Package": "DBI",
      "Version": "1.0.0",
      "Source": "Repository",
      "Repository": "CRAN",
      "Hash": "2b2b6ea2111e1e57e192765d5013a3c5"
    },
    "DEoptimR": {
      "Package": "DEoptimR",
      "Version": "1.0-8",
      "Source": "Repository",
      "Repository": "CRAN",
      "Hash": "af0bde82e17993678f965d06893f84b1"
    },
    "DT": {
      "Package": "DT",
      "Version": "0.9",
      "Source": "Repository",
      "Repository": "CRAN",
      "Hash": "3713a75ea5f5bbc25579b20cbb7843f3"
    },
    "IRanges": {
      "Package": "IRanges",
      "Version": "2.20.0",
      "Source": "Bioconductor",
      "Hash": "d5cd0909f74464ec6428d28cdd132ad1"
    },
    "ImmuneSubtypeClassifier": {
      "Package": "ImmuneSubtypeClassifier",
      "Version": "0.1.0",
      "Source": "GitHub",
      "RemoteType": "github",
      "RemoteRepo": "ImmuneSubtypeClassifier",
      "RemoteUsername": "Gibbsdavidl",
      "RemoteRef": "master",
      "RemoteSha": "59e9aa1d377706819da69771dc0cb2cd13bb23d1",
      "RemoteHost": "api.github.com",
      "RemoteRepo.1": "ImmuneSubtypeClassifier",
      "RemoteUsername.1": "Gibbsdavidl",
      "RemoteRef.1": "master",
      "RemoteSha.1": "59e9aa1d377706819da69771dc0cb2cd13bb23d1",
      "Hash": "a6de57922cd47821249056dd5547c581"
    },
    "KMsurv": {
      "Package": "KMsurv",
      "Version": "0.1-5",
      "Source": "Repository",
      "Repository": "CRAN",
      "Hash": "597868811ed8ec71f3f2c68a5d88766b"
    },
    "KernSmooth": {
      "Package": "KernSmooth",
      "Version": "2.23-15",
      "Source": "Repository",
      "Repository": "CRAN",
      "Hash": "1abaf80e4ce51c982446637b6cf236bb"
    },
    "MASS": {
      "Package": "MASS",
      "Version": "7.3-51.4",
      "Source": "Repository",
      "Repository": "CRAN",
      "Hash": "a489ad42493fa9bfac8f3e3a3bc7d4ca"
    },
    "Matrix": {
      "Package": "Matrix",
      "Version": "1.2-17",
      "Source": "Repository",
      "Repository": "CRAN",
      "Hash": "a60009c832f495604f54399f21d89cc8"
    },
    "NHANES": {
      "Package": "NHANES",
      "Version": "2.1.0",
      "Source": "Repository",
      "Repository": "CRAN",
      "Hash": "df340400bab1d7f48a6969ee7d6446ae"
    },
    "R.methodsS3": {
      "Package": "R.methodsS3",
      "Version": "1.7.1",
      "Source": "Repository",
      "Repository": "CRAN",
      "Hash": "d2c60692c1500e87b06a602b316817ba"
    },
    "R.oo": {
      "Package": "R.oo",
      "Version": "1.22.0",
      "Source": "Repository",
      "Repository": "CRAN",
      "Hash": "3ed00bcfb667ecbfcc1ddfa07d63e6b3"
    },
    "R.utils": {
      "Package": "R.utils",
      "Version": "2.9.0",
      "Source": "Repository",
      "Repository": "CRAN",
      "Hash": "081935deb684d2f5fdb39d34cba21774"
    },
    "R6": {
      "Package": "R6",
      "Version": "2.4.0",
      "Source": "Repository",
      "Repository": "CRAN",
      "Hash": "92b50d943a7c76c67918c1e1beb68627"
    },
    "RColorBrewer": {
      "Package": "RColorBrewer",
      "Version": "1.1-2",
      "Source": "Repository",
      "Repository": "CRAN",
      "Hash": "f8a3bcc800d613797f1dfdf8ef4f0bfc"
    },
    "RCurl": {
      "Package": "RCurl",
      "Version": "1.95-4.12",
      "Source": "Repository",
      "Repository": "CRAN",
      "Hash": "da83dfabbb92098a20dada46869921a3"
    },
    "RPostgres": {
      "Package": "RPostgres",
      "Version": "1.1.1",
      "Source": "Repository",
      "Repository": "CRAN",
      "Hash": "bea16c8c0eadd217a7c63560dde24d54"
    },
    "RSQLite": {
      "Package": "RSQLite",
      "Version": "2.1.2",
      "Source": "Repository",
      "Repository": "CRAN",
      "Hash": "fae18a167fe102db0947605844a54888"
    },
    "Rcpp": {
      "Package": "Rcpp",
      "Version": "1.0.2",
      "Source": "Repository",
      "Repository": "CRAN",
      "Hash": "c25fa7d5684fa7001ddfea3755243975"
    },
    "S4Vectors": {
      "Package": "S4Vectors",
      "Version": "0.24.0",
      "Source": "Bioconductor",
      "Hash": "bdba5c7ebbb68a5739821d8ffbf1da81"
    },
    "XML": {
      "Package": "XML",
      "Version": "3.98-1.20",
      "Source": "Repository",
      "Repository": "CRAN",
      "Hash": "870a12f824e6d7729de5cf55927ae1d0"
    },
    "amap": {
      "Package": "amap",
      "Version": "0.8-17",
      "Source": "Repository",
      "Repository": "CRAN",
      "Hash": "711951d0d3043e1653ecf65b3ba4d586"
    },
    "annotate": {
      "Package": "annotate",
      "Version": "1.64.0",
      "Source": "Bioconductor",
      "Hash": "6e777fdf42860fa36cc72c093f32c897"
    },
    "askpass": {
      "Package": "askpass",
      "Version": "1.1",
      "Source": "Repository",
      "Repository": "CRAN",
      "Hash": "46678e19f261db289be40292d8e5d5bf"
    },
    "assertthat": {
      "Package": "assertthat",
      "Version": "0.2.1",
      "Source": "Repository",
      "Repository": "CRAN",
      "Hash": "19fb3d0ad048b4eb1a05cacffbae1f66"
    },
    "backports": {
      "Package": "backports",
      "Version": "1.1.5",
      "Source": "Repository",
      "Repository": "CRAN",
      "Hash": "dbb1e40b6f07d378cce8abc3b5fa6326"
    },
    "base64enc": {
      "Package": "base64enc",
      "Version": "0.1-3",
      "Source": "Repository",
      "Repository": "CRAN",
      "Hash": "d355963b4b1c3039bfe8d65611a11cca"
    },
    "bigrquery": {
      "Package": "bigrquery",
      "Version": "1.2.0",
      "Source": "Repository",
      "Repository": "CRAN",
      "Hash": "5f24aed9b520930f4593507b527d6697"
    },
    "bindr": {
      "Package": "bindr",
      "Version": "0.1.1",
      "Source": "Repository",
      "Repository": "CRAN",
      "Hash": "955970d2b0a64d115306b01938bc097a"
    },
    "bindrcpp": {
      "Package": "bindrcpp",
      "Version": "0.2.2",
      "Source": "Repository",
      "Repository": "CRAN",
      "Hash": "b894708bedd7f0a33a39853b155a952e"
    },
    "bit": {
      "Package": "bit",
      "Version": "1.1-14",
      "Source": "Repository",
      "Repository": "CRAN",
      "Hash": "915a13dd2f8633d92971640ed1498e5b"
    },
    "bit64": {
      "Package": "bit64",
      "Version": "0.9-7",
      "Source": "Repository",
      "Repository": "CRAN",
      "Hash": "805d4ae996fa46f4f8436500959d669b"
    },
    "bitops": {
      "Package": "bitops",
      "Version": "1.0-6",
      "Source": "Repository",
      "Repository": "CRAN",
      "Hash": "62408262624d9f8e436f51ca901424e2"
    },
    "blob": {
      "Package": "blob",
      "Version": "1.2.0",
      "Source": "Repository",
      "Repository": "CRAN",
      "Hash": "9ef42c7a122fb0bc78563a7d1da7ba4e"
    },
    "boot": {
      "Package": "boot",
      "Version": "1.3-22",
      "Source": "Repository",
      "Repository": "CRAN",
      "Hash": "d6793731045601ba6fbc24f5b9f537ae"
    },
    "brew": {
      "Package": "brew",
      "Version": "1.0-6",
      "Source": "Repository",
      "Repository": "CRAN",
      "Hash": "190fd31e9253446523a8ee4642229516"
    },
    "broom": {
      "Package": "broom",
      "Version": "0.5.2",
      "Source": "Repository",
      "Repository": "CRAN",
      "Hash": "a6cfb50e5172a20815db00739aab4e78"
    },
    "callr": {
      "Package": "callr",
      "Version": "3.3.2",
      "Source": "Repository",
      "Repository": "CRAN",
      "Hash": "3826226af5ca33cd8fa0b1d9c190b300"
    },
    "cellranger": {
      "Package": "cellranger",
      "Version": "1.1.0",
      "Source": "Repository",
      "Repository": "CRAN",
      "Hash": "2cd2a065192f3ba08a919d8800dba7e0"
    },
    "class": {
      "Package": "class",
      "Version": "7.3-15",
      "Source": "Repository",
      "Repository": "CRAN",
      "Hash": "4878ea322bdd292b96affa71fd4332bd"
    },
    "cli": {
      "Package": "cli",
      "Version": "1.1.0",
      "Source": "Repository",
      "Repository": "CRAN",
      "Hash": "9b3dc7798f53ba3050b41ce4a3febdc5"
    },
    "clipr": {
      "Package": "clipr",
      "Version": "0.7.0",
      "Source": "Repository",
      "Repository": "CRAN",
      "Hash": "9a99b54d2baf9393d0a68b6ea9513ee6"
    },
    "clisymbols": {
      "Package": "clisymbols",
      "Version": "1.2.0",
      "Source": "Repository",
      "Repository": "CRAN",
      "Hash": "ce91c46caba29e30c44cfd87659bf8a4"
    },
    "clue": {
      "Package": "clue",
      "Version": "0.3-57",
      "Source": "Repository",
      "Repository": "CRAN",
      "Hash": "7102d4d3246428e560d86a0e45bd0c73"
    },
    "cluster": {
      "Package": "cluster",
      "Version": "2.1.0",
      "Source": "Repository",
      "Repository": "CRAN",
      "Hash": "d683a0521c6448259522eb63627c3807"
    },
    "cmprsk": {
      "Package": "cmprsk",
      "Version": "2.2-9",
      "Source": "Repository",
      "Repository": "CRAN",
      "Hash": "f6cf6ed0b55a5a34a7eba7e2f4e13bd1"
    },
    "codetools": {
      "Package": "codetools",
      "Version": "0.2-16",
      "Source": "Repository",
      "Repository": "CRAN",
      "Hash": "3bf2a0853d7faf7f865d0b877946e452"
    },
    "colorspace": {
      "Package": "colorspace",
      "Version": "1.4-1",
      "Source": "Repository",
      "Repository": "CRAN",
      "Hash": "c25d49739abb6ebf4b3d0c3565574226"
    },
    "commonmark": {
      "Package": "commonmark",
      "Version": "1.7",
      "Source": "Repository",
      "Repository": "CRAN",
      "Hash": "af7f698e0328e0474f794452177deca6"
    },
    "concordanceIndex": {
      "Package": "concordanceIndex",
      "Version": "0.1",
      "Source": "GitHub",
      "RemoteType": "github",
      "RemoteRepo": "concordanceIndex",
      "RemoteUsername": "th86",
      "RemoteRef": "master",
      "RemoteSha": "2e6f75f9c85c509e021e374a83ca58478e88e2dc",
      "RemoteHost": "api.github.com",
      "RemoteRepo.1": "concordanceIndex",
      "RemoteUsername.1": "th86",
      "RemoteRef.1": "master",
      "RemoteSha.1": "2e6f75f9c85c509e021e374a83ca58478e88e2dc",
      "Hash": "aa4dbd52e807b2a47826dce9a50ce31c"
    },
    "covr": {
      "Package": "covr",
      "Version": "3.3.2",
      "Source": "Repository",
      "Repository": "CRAN",
      "Hash": "1d82e0a7d7c413c607619004f96b9e3f"
    },
    "cowplot": {
      "Package": "cowplot",
      "Version": "1.0.0",
      "Source": "Repository",
      "Repository": "CRAN",
      "Hash": "bae8bf4011199676a147077514a8a5c8"
    },
    "crayon": {
      "Package": "crayon",
      "Version": "1.3.4",
      "Source": "Repository",
      "Repository": "CRAN",
      "Hash": "d308ead32010b8e4d76c4690427da50b"
    },
    "crosstalk": {
      "Package": "crosstalk",
      "Version": "1.0.0",
      "Source": "Repository",
      "Repository": "CRAN",
      "Hash": "2bc962d85f29df259cc1a6930727ce87"
    },
    "curl": {
      "Package": "curl",
      "Version": "4.2",
      "Source": "Repository",
      "Repository": "CRAN",
      "Hash": "63410438360944341b6bba487340a466"
    },
    "data.table": {
      "Package": "data.table",
      "Version": "1.12.6",
      "Source": "Repository",
      "Repository": "CRAN",
      "Hash": "e4c9420e97e4b574c7f7cd00fa4c1879"
    },
    "dbplyr": {
      "Package": "dbplyr",
      "Version": "1.4.2",
      "Source": "Repository",
      "Repository": "CRAN",
      "Hash": "aa3740879c38e6c11a93bd981521035a"
    },
    "debugme": {
      "Package": "debugme",
      "Version": "1.1.0",
      "Source": "Repository",
      "Repository": "CRAN",
      "Hash": "adea35c0dca58b542be5d8270a670e64"
    },
    "desc": {
      "Package": "desc",
      "Version": "1.2.0",
      "Source": "Repository",
      "Repository": "CRAN",
      "Hash": "0119aa659b9c1db195b4bd7c617d18c0"
    },
    "devtools": {
      "Package": "devtools",
      "Version": "2.2.1",
      "Source": "Repository",
      "Repository": "CRAN",
      "Hash": "0311cbb64e0ddee9790d8c9922dcbef1"
    },
    "dichromat": {
      "Package": "dichromat",
      "Version": "2.0-0",
      "Source": "Repository",
      "Repository": "CRAN",
      "Hash": "9ce28b83c2b39576c51edf770bdf90cf"
    },
    "digest": {
      "Package": "digest",
      "Version": "0.6.22",
      "Source": "Repository",
      "Repository": "CRAN",
      "Hash": "7ef357c9b4684d2183f105c27925e1d8"
    },
    "diptest": {
      "Package": "diptest",
      "Version": "0.75-7",
      "Source": "Repository",
      "Repository": "CRAN",
      "Hash": "114b2b647616c6bcc35d15050a529517"
    },
    "dplyr": {
      "Package": "dplyr",
      "Version": "0.8.3",
      "Source": "Repository",
      "Repository": "CRAN",
      "Hash": "17783831e1e918ab250dcae5dd9c6e03"
    },
    "ellipsis": {
      "Package": "ellipsis",
      "Version": "0.3.0",
      "Source": "Repository",
      "Repository": "CRAN",
      "Hash": "d9e858795a1a4ebfe6960e4514449d40"
    },
    "evaluate": {
      "Package": "evaluate",
      "Version": "0.14",
      "Source": "Repository",
      "Repository": "CRAN",
      "Hash": "5a6c1949963e0785dbcbb0556337d61e"
    },
    "exactRankTests": {
      "Package": "exactRankTests",
      "Version": "0.8-30",
      "Source": "Repository",
      "Repository": "CRAN",
      "Hash": "d02ac58732ac82b42336fc8dc7d8880c"
    },
    "fansi": {
      "Package": "fansi",
      "Version": "0.4.0",
      "Source": "Repository",
      "Repository": "CRAN",
      "Hash": "cd87b0162287f0da225edfaa2fd3a20c"
    },
    "fastmap": {
      "Package": "fastmap",
      "Version": "1.0.1",
      "Source": "Repository",
      "Repository": "CRAN",
      "Hash": "7a0d4ec0aa0299e3907f8f4f982e33b4"
    },
    "feather": {
      "Package": "feather",
      "Version": "0.3.5",
      "Source": "Repository",
      "Repository": "CRAN",
      "Hash": "778376f8e2cfc8d6a6911c289973f732"
    },
    "flexmix": {
      "Package": "flexmix",
      "Version": "2.3-15",
      "Source": "Repository",
      "Repository": "CRAN",
      "Hash": "d6ade1738cea80b44095cac3bd03b3f0"
    },
    "forcats": {
      "Package": "forcats",
      "Version": "0.4.0",
      "Source": "Repository",
      "Repository": "CRAN",
      "Hash": "4d7e4a2ed5adadda6714eb7b9361213b"
    },
    "foreign": {
      "Package": "foreign",
      "Version": "0.8-72",
      "Source": "Repository",
      "Repository": "CRAN",
      "Hash": "646c8f8861ef8e1d6e9e8eb0b3912495"
    },
    "formatR": {
      "Package": "formatR",
      "Version": "1.7",
      "Source": "Repository",
      "Repository": "CRAN",
      "Hash": "354c9ec18f1af190edb192828a09d071"
    },
    "fpc": {
      "Package": "fpc",
      "Version": "2.2-3",
      "Source": "Repository",
      "Repository": "CRAN",
      "Hash": "384c9e892809e8cba6a26dbfec2d5734"
    },
    "fs": {
      "Package": "fs",
      "Version": "1.3.1",
      "Source": "Repository",
      "Repository": "CRAN",
      "Hash": "dba7e43c4103d978cb7c95b97987cc68"
    },
    "futile.logger": {
      "Package": "futile.logger",
      "Version": "1.4.3",
      "Source": "Repository",
      "Repository": "CRAN",
      "Hash": "144bee5331e1d299f74488fa67720383"
    },
    "futile.options": {
      "Package": "futile.options",
      "Version": "1.0.1",
      "Source": "Repository",
      "Repository": "CRAN",
      "Hash": "316bc8cef56892b0b39ac29579bd878c"
    },
    "gargle": {
      "Package": "gargle",
      "Version": "0.4.0",
      "Source": "Repository",
      "Repository": "CRAN",
      "Hash": "80721e4f0aff08a389be7f085fe85456"
    },
    "genefilter": {
      "Package": "genefilter",
      "Version": "1.68.0",
      "Source": "Bioconductor",
      "Hash": "bd9369543b79eb4903982bf56ed1f84b"
    },
    "generics": {
      "Package": "generics",
      "Version": "0.0.2",
      "Source": "Repository",
      "Repository": "CRAN",
      "Hash": "4e8e453aff36dd8ddac10ff157083e4f"
    },
    "ggmosaic": {
      "Package": "ggmosaic",
      "Version": "0.2.0",
      "Source": "Repository",
      "Repository": "CRAN",
      "Hash": "9e6a7d8775b14c1c2d3ee012aa5b95e0"
    },
    "ggplot2": {
      "Package": "ggplot2",
      "Version": "3.2.1",
      "Source": "Repository",
      "Repository": "CRAN",
      "Hash": "635db021d29f3523c4f88e82d0c01c5e"
    },
    "ggpubr": {
      "Package": "ggpubr",
      "Version": "0.2.3",
      "Source": "Repository",
      "Repository": "CRAN",
      "Hash": "5ef8f49b551629233160fe8165f0dadd"
    },
    "ggrepel": {
      "Package": "ggrepel",
      "Version": "0.8.1",
      "Source": "Repository",
      "Repository": "CRAN",
      "Hash": "61257084e976294d3c97de988469d019"
    },
    "ggsci": {
      "Package": "ggsci",
      "Version": "2.9",
      "Source": "Repository",
      "Repository": "CRAN",
      "Hash": "f42bc4b0ee6da5125eb1268985121ad6"
    },
    "ggsignif": {
      "Package": "ggsignif",
      "Version": "0.6.0",
      "Source": "Repository",
      "Repository": "CRAN",
      "Hash": "9e277d8d9d16fae2a45b90395961036a"
    },
    "gh": {
      "Package": "gh",
      "Version": "1.0.1",
      "Source": "Repository",
      "Repository": "CRAN",
      "Hash": "3fc5d4d6893bd1598318a35def5e9d23"
    },
    "git2r": {
      "Package": "git2r",
      "Version": "0.26.1",
      "Source": "Repository",
      "Repository": "CRAN",
      "Hash": "22ea14e8f582d4a83a273f24ac43e27e"
    },
    "glue": {
      "Package": "glue",
      "Version": "1.3.1",
      "Source": "Repository",
      "Repository": "CRAN",
      "Hash": "e8436e647719b7c9d01409767cd88cc8"
    },
    "googlesheets": {
      "Package": "googlesheets",
      "Version": "0.3.0",
      "Source": "Repository",
      "Repository": "CRAN",
      "Hash": "b8cf2a0db7042d7e36a93a83a7b4a5a8"
    },
    "gridExtra": {
      "Package": "gridExtra",
      "Version": "2.3",
      "Source": "Repository",
      "Repository": "CRAN",
      "Hash": "4626f6a59a3b1095e7bdc7bd02a3107f"
    },
    "gridSVG": {
      "Package": "gridSVG",
      "Version": "1.7-0",
      "Source": "Repository",
      "Repository": "CRAN",
      "Hash": "526d1d1b3a66cc5c318d87194a690ea7"
    },
    "gtable": {
      "Package": "gtable",
      "Version": "0.3.0",
      "Source": "Repository",
      "Repository": "CRAN",
      "Hash": "6a58b2980a57345822ec5f9c7d2d1751"
    },
    "haven": {
      "Package": "haven",
      "Version": "2.1.1",
      "Source": "Repository",
      "Repository": "CRAN",
      "Hash": "d1f21b8ced82ba581c26edfcc69d0c41"
    },
    "hexbin": {
      "Package": "hexbin",
      "Version": "1.27.3",
      "Source": "Repository",
      "Repository": "CRAN",
      "Hash": "dd1a219a8e8212b1808640670893274e"
    },
    "highr": {
      "Package": "highr",
      "Version": "0.8",
      "Source": "Repository",
      "Repository": "CRAN",
      "Hash": "43e36bc8bca1d8256f86933659c46349"
    },
    "hms": {
      "Package": "hms",
      "Version": "0.5.1",
      "Source": "Repository",
      "Repository": "CRAN",
      "Hash": "5c9cbb0d6f49109be1a771d963801847"
    },
    "htmltools": {
      "Package": "htmltools",
      "Version": "0.4.0",
      "Source": "Repository",
      "Repository": "CRAN",
      "Hash": "639ced211d4574cb149a7906b22e110f"
    },
    "htmlwidgets": {
      "Package": "htmlwidgets",
      "Version": "1.5.1",
      "Source": "Repository",
      "Repository": "CRAN",
      "Hash": "f2ea129162a975cc3828d56d5270616d"
    },
    "httpuv": {
      "Package": "httpuv",
      "Version": "1.5.2",
      "Source": "Repository",
      "Repository": "CRAN",
      "Hash": "f708a79efa59756bf40137118c20d837"
    },
    "httr": {
      "Package": "httr",
      "Version": "1.4.1",
      "Source": "Repository",
      "Repository": "CRAN",
      "Hash": "5dbd937df2ed15043fd4b49e1e217030"
    },
    "ini": {
      "Package": "ini",
      "Version": "0.3.1",
      "Source": "Repository",
      "Repository": "CRAN",
      "Hash": "4a15d8cfc931554fb2e71d66c1313b45"
    },
    "jsonlite": {
      "Package": "jsonlite",
      "Version": "1.6",
      "Source": "Repository",
      "Repository": "CRAN",
      "Hash": "b7e67b6a7bc2fdae729c0f3ff9026a8a"
    },
    "kernlab": {
      "Package": "kernlab",
      "Version": "0.9-27",
      "Source": "Repository",
      "Repository": "CRAN",
      "Hash": "0cba23147e995da0c811b93faedec212"
    },
    "km.ci": {
      "Package": "km.ci",
      "Version": "0.5-2",
      "Source": "Repository",
      "Repository": "CRAN",
      "Hash": "097c62d92771d8c8324eb82652435469"
    },
    "knitr": {
      "Package": "knitr",
      "Version": "1.25",
      "Source": "Repository",
      "Repository": "CRAN",
      "Hash": "33a3a009f5e7c3606d6851692bf703d9"
    },
    "labeling": {
      "Package": "labeling",
      "Version": "0.3",
      "Source": "Repository",
      "Repository": "CRAN",
      "Hash": "e1f613894f080d1eee41c34b281a2184"
    },
    "lambda.r": {
      "Package": "lambda.r",
      "Version": "1.2.4",
      "Source": "Repository",
      "Repository": "CRAN",
      "Hash": "0da3ced31705e2541a3cf0d8b54a81b7"
    },
    "later": {
      "Package": "later",
      "Version": "1.0.0",
      "Source": "Repository",
      "Repository": "CRAN",
      "Hash": "19ddb614c1423400e9ea7bf6bfd34a36"
    },
    "lattice": {
      "Package": "lattice",
      "Version": "0.20-38",
      "Source": "Repository",
      "Repository": "CRAN",
      "Hash": "6f7aa123115b33bc9ad1ca800874b1de"
    },
    "lazyeval": {
      "Package": "lazyeval",
      "Version": "0.2.2",
      "Source": "Repository",
      "Repository": "CRAN",
      "Hash": "d2f5e98b8b7ae633e252830c3243c2ab"
    },
    "lifecycle": {
      "Package": "lifecycle",
      "Version": "0.1.0",
      "Source": "Repository",
      "Repository": "CRAN",
      "Hash": "670a552ae202a4f69e2e644f524dfffd"
    },
    "limma": {
      "Package": "limma",
      "Version": "3.42.0",
      "Source": "Bioconductor",
      "Hash": "46af0c3a88920c9084a547b6c8fbb1f6"
    },
    "lubridate": {
      "Package": "lubridate",
      "Version": "1.7.4",
      "Source": "Repository",
      "Repository": "CRAN",
      "Hash": "d55fdb3732a8f047e49b86064dd78984"
    },
    "magrittr": {
      "Package": "magrittr",
      "Version": "1.5",
      "Source": "Repository",
      "Repository": "CRAN",
      "Hash": "dee1d97cffddfd3ed969e224bd0826d0"
    },
    "markdown": {
      "Package": "markdown",
      "Version": "1.1",
      "Source": "Repository",
      "Repository": "CRAN",
      "Hash": "80e1f73841614fa35f82a85d66fb41da"
    },
    "matrixStats": {
      "Package": "matrixStats",
      "Version": "0.55.0",
      "Source": "Repository",
      "Repository": "CRAN",
      "Hash": "28f650d606e706f94858de75e7c224f3"
    },
    "maxstat": {
      "Package": "maxstat",
      "Version": "0.7-25",
      "Source": "Repository",
      "Repository": "CRAN",
      "Hash": "10dedd1f603fc1ca139c9f2fbf23b863"
    },
    "mclust": {
      "Package": "mclust",
      "Version": "5.4.5",
      "Source": "Repository",
      "Repository": "CRAN",
      "Hash": "32b87dd2afe6ab5a2dfa3ec56a755183"
    },
    "memoise": {
      "Package": "memoise",
      "Version": "1.1.0",
      "Source": "Repository",
      "Repository": "CRAN",
      "Hash": "22ca9b285c10f5dd8c4d1e90231ce558"
    },
    "mgcv": {
      "Package": "mgcv",
      "Version": "1.8-31",
      "Source": "Repository",
      "Repository": "CRAN",
      "Hash": "f197e17aac34206ab3fac4b455e745b3"
    },
    "mime": {
      "Package": "mime",
      "Version": "0.7",
      "Source": "Repository",
      "Repository": "CRAN",
      "Hash": "908d95ccbfd1dd274073ef07a7c93934"
    },
    "mnormt": {
      "Package": "mnormt",
      "Version": "1.5-5",
      "Source": "Repository",
      "Repository": "CRAN",
      "Hash": "9261d4d0dc099d55240daad994ea31b0"
    },
    "modelr": {
      "Package": "modelr",
      "Version": "0.1.5",
      "Source": "Repository",
      "Repository": "CRAN",
      "Hash": "c1f44481db2b8ac0d3625da400abdc1e"
    },
    "modeltools": {
      "Package": "modeltools",
      "Version": "0.2-22",
      "Source": "Repository",
      "Repository": "CRAN",
      "Hash": "2d16af8b7eac85fa09edc875ed3eaa97"
    },
    "munsell": {
      "Package": "munsell",
      "Version": "0.5.0",
      "Source": "Repository",
      "Repository": "CRAN",
      "Hash": "9111af6c6dec65538ebd3de6c0bae864"
    },
    "mvtnorm": {
      "Package": "mvtnorm",
      "Version": "1.0-11",
      "Source": "Repository",
      "Repository": "CRAN",
      "Hash": "976bd3e7229aefd84d9d5cf032646601"
    },
    "nlme": {
      "Package": "nlme",
      "Version": "3.1-141",
      "Source": "Repository",
      "Repository": "CRAN",
      "Hash": "be8db89838a17117a4083e72350443e0"
    },
    "nnet": {
      "Package": "nnet",
      "Version": "7.3-12",
      "Source": "Repository",
      "Repository": "CRAN",
      "Hash": "2a92e339b2aeab90147147e2cf7c8310"
    },
    "openssl": {
      "Package": "openssl",
      "Version": "1.4.1",
      "Source": "Repository",
      "Repository": "CRAN",
      "Hash": "6c438de366d5693238d1c400deb66cb6"
    },
    "packrat": {
      "Package": "packrat",
      "Version": "0.5.0",
      "Source": "Repository",
      "Repository": "CRAN",
      "Hash": "aa1fbebb6ca276f933b9f77da6d02ef3"
    },
    "pillar": {
      "Package": "pillar",
      "Version": "1.4.2",
      "Source": "Repository",
      "Repository": "CRAN",
      "Hash": "57645ff795277554eee14df5bcee8025"
    },
    "pkgbuild": {
      "Package": "pkgbuild",
      "Version": "1.0.6",
      "Source": "Repository",
      "Repository": "CRAN",
      "Hash": "0514428b15e609740155a0a0a3e182c5"
    },
    "pkgconfig": {
      "Package": "pkgconfig",
      "Version": "2.0.3",
      "Source": "Repository",
      "Repository": "CRAN",
      "Hash": "587295d4cdb937d4e3cf19bd46829326"
    },
    "pkgload": {
      "Package": "pkgload",
      "Version": "1.0.2",
      "Source": "Repository",
      "Repository": "CRAN",
      "Hash": "f214a72af3442fdd3396ceccbb7d7f44"
    },
    "plogr": {
      "Package": "plogr",
      "Version": "0.2.0",
      "Source": "Repository",
      "Repository": "CRAN",
      "Hash": "1a8304cc1382ef64e3b710ba589d7bc0"
    },
    "plotROC": {
      "Package": "plotROC",
      "Version": "2.2.1",
      "Source": "Repository",
      "Repository": "CRAN",
      "Hash": "b7f6543f13f0a73aab3c14ecea4f661a"
    },
    "plotly": {
      "Package": "plotly",
      "Version": "4.9.0",
      "Source": "Repository",
      "Repository": "CRAN",
      "Hash": "d4f8ca9fa024657598c3698df2e12cfb"
    },
    "plyr": {
      "Package": "plyr",
      "Version": "1.8.4",
      "Source": "Repository",
      "Repository": "CRAN",
      "Hash": "37dd0f3aadee2ac99e47168f4bffddb7"
    },
    "polynom": {
      "Package": "polynom",
      "Version": "1.4-0",
      "Source": "Repository",
      "Repository": "CRAN",
      "Hash": "b6d95b8b8c64321e838d3c18b6ebff65"
    },
    "prabclus": {
      "Package": "prabclus",
      "Version": "2.3-1",
      "Source": "Repository",
      "Repository": "CRAN",
      "Hash": "02bd0971b25f83c1317f107585154e9b"
    },
    "praise": {
      "Package": "praise",
      "Version": "1.0.0",
      "Source": "Repository",
      "Repository": "CRAN",
      "Hash": "3940f2f321d5fa9fb72b8887b0454660"
    },
    "prettyunits": {
      "Package": "prettyunits",
      "Version": "1.0.2",
      "Source": "Repository",
      "Repository": "CRAN",
      "Hash": "33ce93b23647e85c127f8e1bb08604fc"
    },
    "processx": {
      "Package": "processx",
      "Version": "3.4.1",
      "Source": "Repository",
      "Repository": "CRAN",
      "Hash": "fec9b1a798e49d0609702929706a1dfc"
    },
    "productplots": {
      "Package": "productplots",
      "Version": "0.1.1",
      "Source": "Repository",
      "Repository": "CRAN",
      "Hash": "72ee1ef805dd19cc9bf07e9a74dde8f4"
    },
    "progress": {
      "Package": "progress",
      "Version": "1.2.2",
      "Source": "Repository",
      "Repository": "CRAN",
      "Hash": "e8c47e04650b07d40c3c50a878a4dffa"
    },
    "promises": {
      "Package": "promises",
      "Version": "1.1.0",
      "Source": "Repository",
      "Repository": "CRAN",
      "Hash": "58abc43e83bbc8231c416a812743ab98"
    },
    "ps": {
      "Package": "ps",
      "Version": "1.3.0",
      "Source": "Repository",
      "Repository": "CRAN",
      "Hash": "a38f3fd447d1595a3da538910054b911"
    },
    "psych": {
      "Package": "psych",
      "Version": "1.8.12",
      "Source": "Repository",
      "Repository": "CRAN",
      "Hash": "88e1493a9f2b78590e088393e5e32bad"
    },
    "purrr": {
      "Package": "purrr",
      "Version": "0.3.3",
      "Source": "Repository",
      "Repository": "CRAN",
      "Hash": "b174d35f8cfb40b0c0b66d2bb0bc4224"
    },
    "rapidjsonr": {
      "Package": "rapidjsonr",
      "Version": "1.1",
      "Source": "Repository",
      "Repository": "CRAN",
      "Hash": "0f0bfec1641e713fec8fc2860990e742"
    },
    "rcmdcheck": {
      "Package": "rcmdcheck",
      "Version": "1.3.3",
      "Source": "Repository",
      "Repository": "CRAN",
      "Hash": "577b91be8aea851ea27aad3585adef05"
    },
    "readr": {
      "Package": "readr",
      "Version": "1.3.1",
      "Source": "Repository",
      "Repository": "CRAN",
      "Hash": "60167b7ec3de99e76ff406aaf0f83bb4"
    },
    "readxl": {
      "Package": "readxl",
      "Version": "1.3.1",
      "Source": "Repository",
      "Repository": "CRAN",
      "Hash": "8a8b4695e87c90cc9423eb8994e76819"
    },
    "rematch": {
      "Package": "rematch",
      "Version": "1.0.1",
      "Source": "Repository",
      "Repository": "CRAN",
      "Hash": "d3d55a556f7f2e74f449d6a53b8abf8e"
    },
    "remotes": {
      "Package": "remotes",
      "Version": "2.1.0",
      "Source": "Repository",
      "Repository": "CRAN",
      "Hash": "830aa73278dce9beba583bfe57a5c015"
    },
    "renv": {
      "Package": "renv",
      "Version": "0.8.3",
      "Source": "Repository",
      "Repository": "CRAN",
      "Hash": "4ee3e91b679fbd7102c1fd51f9a4bc59"
    },
    "reprex": {
      "Package": "reprex",
      "Version": "0.3.0",
      "Source": "Repository",
      "Repository": "CRAN",
      "Hash": "e5c16307a512cdaea9adddacde0671af"
    },
    "reshape2": {
      "Package": "reshape2",
      "Version": "1.4.3",
      "Source": "Repository",
      "Repository": "CRAN",
      "Hash": "ac685130d1a25e3f6470960fd29c5693"
    },
    "rex": {
      "Package": "rex",
      "Version": "1.1.2",
      "Source": "Repository",
      "Repository": "CRAN",
      "Hash": "6a374bfb33486a98af825be15b6b87bb"
    },
    "rlang": {
      "Package": "rlang",
      "Version": "0.4.1",
      "Source": "Repository",
      "Repository": "CRAN",
      "Hash": "3be3097a603e8a51dae89c372b920f97"
    },
    "rmarkdown": {
      "Package": "rmarkdown",
      "Version": "1.16",
      "Source": "Repository",
      "Repository": "CRAN",
      "Hash": "74352997ea70389458e7a8b7059dfb95"
    },
    "robustbase": {
      "Package": "robustbase",
      "Version": "0.93-5",
      "Source": "Repository",
      "Repository": "CRAN",
      "Hash": "275cc8197da046f7f01f7f4c284200be"
    },
    "roxygen2": {
      "Package": "roxygen2",
      "Version": "6.1.1",
      "Source": "Repository",
      "Repository": "CRAN",
      "Hash": "5c44ac973ec9b56efd7990e4b4464699"
    },
    "rpart": {
      "Package": "rpart",
      "Version": "4.1-15",
      "Source": "Repository",
      "Repository": "CRAN",
      "Hash": "0d0e7f0e3c22944bb9bf67d0d5636e50"
    },
    "rprojroot": {
      "Package": "rprojroot",
      "Version": "1.3-2",
      "Source": "Repository",
      "Repository": "CRAN",
      "Hash": "5382761b8b318da6dd3fb0f6dae3c43a"
    },
    "rstudioapi": {
      "Package": "rstudioapi",
      "Version": "0.10",
      "Source": "Repository",
      "Repository": "CRAN",
      "Hash": "04552808fd065fdf0fec7bad340eb83c"
    },
    "rversions": {
      "Package": "rversions",
      "Version": "2.0.0",
      "Source": "Repository",
      "Repository": "CRAN",
      "Hash": "7ea870b707f4ef757127a610c2556e29"
    },
    "rvest": {
      "Package": "rvest",
      "Version": "0.3.4",
      "Source": "Repository",
      "Repository": "CRAN",
      "Hash": "76bb112bc3833454dc701230aa9cb3ed"
    },
    "scales": {
      "Package": "scales",
      "Version": "1.0.0",
      "Source": "Repository",
      "Repository": "CRAN",
      "Hash": "a96e9571cd875b7b934990d85b7a3c18"
    },
    "selectr": {
      "Package": "selectr",
      "Version": "0.4-1",
      "Source": "Repository",
      "Repository": "CRAN",
      "Hash": "40ccee5dc2b97e197648525aefcfd0ba"
    },
    "sessioninfo": {
      "Package": "sessioninfo",
      "Version": "1.1.1",
      "Source": "Repository",
      "Repository": "CRAN",
      "Hash": "017efbc7877606b886a2fb3d01c0bbda"
    },
    "shiny": {
      "Package": "shiny",
      "Version": "1.4.0",
      "Source": "Repository",
      "Repository": "CRAN",
      "Hash": "25dd339c951981444081a370b4afad40"
    },
    "shinycssloaders": {
      "Package": "shinycssloaders",
      "Version": "0.2.0",
      "Source": "Repository",
      "Repository": "CRAN",
      "Hash": "64c2478035bce4003be6292e11237991"
    },
    "shinydashboard": {
      "Package": "shinydashboard",
      "Version": "0.7.1",
      "Source": "Repository",
      "Repository": "CRAN",
      "Hash": "12f87658587a6ea64a67e7d559d6491d"
    },
    "snow": {
      "Package": "snow",
      "Version": "0.4-3",
      "Source": "Repository",
      "Repository": "CRAN",
      "Hash": "7165293dfb527aae9a72e80d5f31ac81"
    },
    "sourcetools": {
      "Package": "sourcetools",
      "Version": "0.1.7",
      "Source": "Repository",
      "Repository": "CRAN",
      "Hash": "fc68fa34b8576eaa5a845a46ad75e214"
    },
    "spatial": {
      "Package": "spatial",
      "Version": "7.3-11",
      "Source": "Repository",
      "Repository": "CRAN",
      "Hash": "0037d3d19ad8a2bf80abb4d7507b746d"
    },
    "startup": {
      "Package": "startup",
      "Version": "0.13.0",
      "Source": "Repository",
      "Repository": "CRAN",
      "Hash": "145f1f05ad9dcf66ee57a9fd9a575db3"
    },
    "stringi": {
      "Package": "stringi",
      "Version": "1.4.3",
      "Source": "Repository",
      "Repository": "CRAN",
      "Hash": "113506f116db9dd5bd1caf46884e0647"
    },
    "stringr": {
      "Package": "stringr",
      "Version": "1.4.0",
      "Source": "Repository",
      "Repository": "CRAN",
      "Hash": "41d6310ad18bd019a203d7adc496a28b"
    },
    "survMisc": {
      "Package": "survMisc",
      "Version": "0.5.5",
      "Source": "Repository",
      "Repository": "CRAN",
      "Hash": "0da5b0b11d59a1d6f4d5984549e24175"
    },
    "survival": {
      "Package": "survival",
      "Version": "2.44-1.1",
      "Source": "Repository",
      "Repository": "CRAN",
      "Hash": "20bdedb74dc2c866f51e4ec9133480b1"
    },
    "survminer": {
      "Package": "survminer",
      "Version": "0.4.6",
      "Source": "Repository",
      "Repository": "CRAN",
      "Hash": "8b1e5a0955dfe90790d6dc7b6f49fae3"
    },
    "sva": {
      "Package": "sva",
      "Version": "3.34.0",
      "Source": "Bioconductor",
      "Hash": "1d89a8effcddd9a810b70325b3f2d5a8"
    },
    "sys": {
      "Package": "sys",
      "Version": "3.3",
      "Source": "Repository",
      "Repository": "CRAN",
      "Hash": "9ecf6bee5958b8977bd1db3131978a71"
    },
    "testthat": {
      "Package": "testthat",
      "Version": "2.2.1",
      "Source": "Repository",
      "Repository": "CRAN",
      "Hash": "3e86adb988cb96c5b30b01ec56719ac4"
    },
    "tibble": {
      "Package": "tibble",
      "Version": "2.1.3",
      "Source": "Repository",
      "Repository": "CRAN",
      "Hash": "a8d41bd284e21ab7e776d228dc5bac91"
    },
    "tidyr": {
      "Package": "tidyr",
      "Version": "1.0.0",
      "Source": "Repository",
      "Repository": "CRAN",
      "Hash": "8b597bb9db2885612b6bafbc2f83bd08"
    },
    "tidyselect": {
      "Package": "tidyselect",
      "Version": "0.2.5",
      "Source": "Repository",
      "Repository": "CRAN",
      "Hash": "dc3fcbc21f04b293e0794e24982cf357"
    },
    "tidyverse": {
      "Package": "tidyverse",
      "Version": "1.2.1",
      "Source": "Repository",
      "Repository": "CRAN",
      "Hash": "ec414bb606232eb2f242f4e49706a0da"
    },
    "tinytex": {
      "Package": "tinytex",
      "Version": "0.16",
      "Source": "Repository",
      "Repository": "CRAN",
      "Hash": "9349f30ae6ddce61d7fa26f7b6228a73"
    },
    "trimcluster": {
      "Package": "trimcluster",
      "Version": "0.1-2.1",
      "Source": "Repository",
      "Repository": "CRAN",
      "Hash": "ed3fec38d7d7ab06fb54c7a83f8c5e21"
    },
    "usethis": {
      "Package": "usethis",
      "Version": "1.5.1",
      "Source": "Repository",
      "Repository": "CRAN",
      "Hash": "d9554c06c56d30d6361b5b24b8c5b083"
    },
    "utf8": {
      "Package": "utf8",
      "Version": "1.1.4",
      "Source": "Repository",
      "Repository": "CRAN",
      "Hash": "3f1a5a5b184f63379f8e6c08d5036c53"
    },
    "vctrs": {
      "Package": "vctrs",
      "Version": "0.2.0",
      "Source": "Repository",
      "Repository": "CRAN",
      "Hash": "4bdc6a6c4c5a434d880b73817d4ea641"
    },
    "viridis": {
      "Package": "viridis",
      "Version": "0.5.1",
      "Source": "Repository",
      "Repository": "CRAN",
      "Hash": "36f082a7e4f833bd4dc4839c5a8d2a84"
    },
    "viridisLite": {
      "Package": "viridisLite",
      "Version": "0.3.0",
      "Source": "Repository",
      "Repository": "CRAN",
      "Hash": "1f264fa42320c4f44b1689d89101e823"
    },
    "whisker": {
      "Package": "whisker",
      "Version": "0.4",
      "Source": "Repository",
      "Repository": "CRAN",
      "Hash": "99cb522b4fa9e2cf1592ac5163fd917f"
    },
    "withr": {
      "Package": "withr",
      "Version": "2.1.2",
      "Source": "Repository",
      "Repository": "CRAN",
      "Hash": "7c9aef08038f47e6c1532ed574a0e087"
    },
    "wrapr": {
      "Package": "wrapr",
      "Version": "1.9.2",
      "Source": "Repository",
      "Repository": "CRAN",
      "Hash": "3747a7f93353ed04edd63d624c8d9e7c"
    },
    "xfun": {
      "Package": "xfun",
      "Version": "0.10",
      "Source": "Repository",
      "Repository": "CRAN",
      "Hash": "b22f06440a75a69aa0c6c04cf5278d83"
    },
    "xgboost": {
      "Package": "xgboost",
      "Version": "0.90.0.2",
      "Source": "Repository",
      "Repository": "CRAN",
      "Hash": "6122db4c63ec2b01ebbfae6e51bc4c63"
    },
    "xml2": {
      "Package": "xml2",
      "Version": "1.2.2",
      "Source": "Repository",
      "Repository": "CRAN",
      "Hash": "22fa8b694a7ffcec094bfb94a405595d"
    },
    "xopen": {
      "Package": "xopen",
      "Version": "1.0.0",
      "Source": "Repository",
      "Repository": "CRAN",
      "Hash": "ec32d86b4bcfa2cfa648dc0e1e46e24d"
    },
    "xtable": {
      "Package": "xtable",
      "Version": "1.8-4",
      "Source": "Repository",
      "Repository": "CRAN",
      "Hash": "48f60fcc0974ce72870076d48038df2d"
    },
    "yaml": {
      "Package": "yaml",
      "Version": "2.2.0",
      "Source": "Repository",
      "Repository": "CRAN",
      "Hash": "3a313c96061c4ac790de611dc57ebd1f"
    },
    "zeallot": {
      "Package": "zeallot",
      "Version": "0.1.0",
      "Source": "Repository",
      "Repository": "CRAN",
      "Hash": "45d65588b02d47970fc84adecb2ee664"
    },
    "zoo": {
      "Package": "zoo",
      "Version": "1.8-6",
      "Source": "Repository",
      "Repository": "CRAN",
      "Hash": "6a408ac88994695f76d7b4f7f19c4006"
    }
  }
}
